
Microsoft Visual Studio Solution File, Format Version 12.00
# Visual Studio 15
Project("{FAE04EC0-301F-11D3-BF4B-00C04F79EFBC}") = "SteamVR", "SteamVR.csproj", "{5F53D84B-095F-0074-BC34-94FF14EDBF47}"
EndProject
Project("{FAE04EC0-301F-11D3-BF4B-00C04F79EFBC}") = "Assembly-CSharp", "Assembly-CSharp.csproj", "{4A30E018-DD17-0493-7551-2039D3F152BB}"
EndProject
Project("{FAE04EC0-301F-11D3-BF4B-00C04F79EFBC}") = "SteamVR_Input_Editor", "SteamVR_Input_Editor.csproj", "{A83D2EFC-5C24-6612-36E1-13942C6794C3}"
EndProject
Project("{FAE04EC0-301F-11D3-BF4B-00C04F79EFBC}") = "SteamVR_Editor", "SteamVR_Editor.csproj", "{40EB30A7-5E08-FD0D-DDD7-4C97C86CE63F}"
EndProject
Project("{FAE04EC0-301F-11D3-BF4B-00C04F79EFBC}") = "SteamVR_Windows_EditorHelper", "SteamVR_Windows_EditorHelper.csproj", "{068F106E-019F-EDE4-AAAB-4E1EB94BB5CE}"
EndProject
Global
	GlobalSection(SolutionConfigurationPlatforms) = preSolution
		Debug|Any CPU = Debug|Any CPU
		Release|Any CPU = Release|Any CPU
	EndGlobalSection
	GlobalSection(ProjectConfigurationPlatforms) = postSolution
		{5F53D84B-095F-0074-BC34-94FF14EDBF47}.Debug|Any CPU.ActiveCfg = Debug|Any CPU
		{5F53D84B-095F-0074-BC34-94FF14EDBF47}.Debug|Any CPU.Build.0 = Debug|Any CPU
		{5F53D84B-095F-0074-BC34-94FF14EDBF47}.Release|Any CPU.ActiveCfg = Release|Any CPU
		{5F53D84B-095F-0074-BC34-94FF14EDBF47}.Release|Any CPU.Build.0 = Release|Any CPU
		{4A30E018-DD17-0493-7551-2039D3F152BB}.Debug|Any CPU.ActiveCfg = Debug|Any CPU
		{4A30E018-DD17-0493-7551-2039D3F152BB}.Debug|Any CPU.Build.0 = Debug|Any CPU
		{4A30E018-DD17-0493-7551-2039D3F152BB}.Release|Any CPU.ActiveCfg = Release|Any CPU
		{4A30E018-DD17-0493-7551-2039D3F152BB}.Release|Any CPU.Build.0 = Release|Any CPU
		{A83D2EFC-5C24-6612-36E1-13942C6794C3}.Debug|Any CPU.ActiveCfg = Debug|Any CPU
		{A83D2EFC-5C24-6612-36E1-13942C6794C3}.Debug|Any CPU.Build.0 = Debug|Any CPU
		{A83D2EFC-5C24-6612-36E1-13942C6794C3}.Release|Any CPU.ActiveCfg = Release|Any CPU
		{A83D2EFC-5C24-6612-36E1-13942C6794C3}.Release|Any CPU.Build.0 = Release|Any CPU
		{40EB30A7-5E08-FD0D-DDD7-4C97C86CE63F}.Debug|Any CPU.ActiveCfg = Debug|Any CPU
		{40EB30A7-5E08-FD0D-DDD7-4C97C86CE63F}.Debug|Any CPU.Build.0 = Debug|Any CPU
		{40EB30A7-5E08-FD0D-DDD7-4C97C86CE63F}.Release|Any CPU.ActiveCfg = Release|Any CPU
		{40EB30A7-5E08-FD0D-DDD7-4C97C86CE63F}.Release|Any CPU.Build.0 = Release|Any CPU
		{068F106E-019F-EDE4-AAAB-4E1EB94BB5CE}.Debug|Any CPU.ActiveCfg = Debug|Any CPU
		{068F106E-019F-EDE4-AAAB-4E1EB94BB5CE}.Debug|Any CPU.Build.0 = Debug|Any CPU
		{068F106E-019F-EDE4-AAAB-4E1EB94BB5CE}.Release|Any CPU.ActiveCfg = Release|Any CPU
		{068F106E-019F-EDE4-AAAB-4E1EB94BB5CE}.Release|Any CPU.Build.0 = Release|Any CPU
	EndGlobalSection
	GlobalSection(SolutionProperties) = preSolution
		HideSolutionNode = FALSE
	EndGlobalSection
EndGlobal
